// !$*UTF8*$!
{
	archiveVersion = 1;
	classes = {
	};
	objectVersion = 55;
	objects = {

/* Begin PBXBuildFile section */
		2D24D7A1286EC0AF0078E158 /* ExctractView.swift in Sources */ = {isa = PBXBuildFile; fileRef = 2D24D7A0286EC0AF0078E158 /* ExctractView.swift */; };
		2D24D7A3286ECB0F0078E158 /* ExtractSubViewsView.swift in Sources */ = {isa = PBXBuildFile; fileRef = 2D24D7A2286ECB0F0078E158 /* ExtractSubViewsView.swift */; };
		2D24D7A6286ECE030078E158 /* MySubView.swift in Sources */ = {isa = PBXBuildFile; fileRef = 2D24D7A5286ECE030078E158 /* MySubView.swift */; };
		2D24D7A8286EEBA50078E158 /* BindingView.swift in Sources */ = {isa = PBXBuildFile; fileRef = 2D24D7A7286EEBA50078E158 /* BindingView.swift */; };
		2D24D7AE286F14EE0078E158 /* AnimationView.swift in Sources */ = {isa = PBXBuildFile; fileRef = 2D24D7AD286F14EE0078E158 /* AnimationView.swift */; };
		2D24D7B0286F82470078E158 /* TransitionView.swift in Sources */ = {isa = PBXBuildFile; fileRef = 2D24D7AF286F82470078E158 /* TransitionView.swift */; };
		2D24D7B2286F8D1B0078E158 /* SheetsView.swift in Sources */ = {isa = PBXBuildFile; fileRef = 2D24D7B1286F8D1B0078E158 /* SheetsView.swift */; };
		2D24D7B4286F9F5D0078E158 /* NavigationViewView.swift in Sources */ = {isa = PBXBuildFile; fileRef = 2D24D7B3286F9F5D0078E158 /* NavigationViewView.swift */; };
		2D24D7B6286FA5D30078E158 /* ListViewView.swift in Sources */ = {isa = PBXBuildFile; fileRef = 2D24D7B5286FA5D30078E158 /* ListViewView.swift */; };
		2D41FA93286C7968008BB3DC /* SwiftUiBootcampApp.swift in Sources */ = {isa = PBXBuildFile; fileRef = 2D41FA92286C7968008BB3DC /* SwiftUiBootcampApp.swift */; };
		2D41FA95286C7968008BB3DC /* ContentView.swift in Sources */ = {isa = PBXBuildFile; fileRef = 2D41FA94286C7968008BB3DC /* ContentView.swift */; };
		2D41FA97286C7969008BB3DC /* Assets.xcassets in Resources */ = {isa = PBXBuildFile; fileRef = 2D41FA96286C7969008BB3DC /* Assets.xcassets */; };
		2D41FA9A286C7969008BB3DC /* Preview Assets.xcassets in Resources */ = {isa = PBXBuildFile; fileRef = 2D41FA99286C7969008BB3DC /* Preview Assets.xcassets */; };
		2D41FAA1286C842F008BB3DC /* TextView.swift in Sources */ = {isa = PBXBuildFile; fileRef = 2D41FAA0286C842F008BB3DC /* TextView.swift */; };
		2D41FAA4286CE357008BB3DC /* ShapesView.swift in Sources */ = {isa = PBXBuildFile; fileRef = 2D41FAA3286CE357008BB3DC /* ShapesView.swift */; };
		2D41FAA6286CE6F1008BB3DC /* ColorsView.swift in Sources */ = {isa = PBXBuildFile; fileRef = 2D41FAA5286CE6F1008BB3DC /* ColorsView.swift */; };
		2D6D5C7B2879F76800E760AB /* ColorPickerView.swift in Sources */ = {isa = PBXBuildFile; fileRef = 2D6D5C7A2879F76800E760AB /* ColorPickerView.swift */; };
		2D6D5C7D2879F95900E760AB /* DatePickerView.swift in Sources */ = {isa = PBXBuildFile; fileRef = 2D6D5C7C2879F95900E760AB /* DatePickerView.swift */; };
		2D6EE2AF286CEE1500081394 /* GradientsView.swift in Sources */ = {isa = PBXBuildFile; fileRef = 2D6EE2AE286CEE1500081394 /* GradientsView.swift */; };
		2D6EE2B1286CF5A300081394 /* IconsView.swift in Sources */ = {isa = PBXBuildFile; fileRef = 2D6EE2B0286CF5A300081394 /* IconsView.swift */; };
		2D6EE2B3286CFBBC00081394 /* ImagesView.swift in Sources */ = {isa = PBXBuildFile; fileRef = 2D6EE2B2286CFBBC00081394 /* ImagesView.swift */; };
		2D6EE2B5286CFF8B00081394 /* FrameView.swift in Sources */ = {isa = PBXBuildFile; fileRef = 2D6EE2B4286CFF8B00081394 /* FrameView.swift */; };
		2D6EE2B7286D037F00081394 /* BackgroundAndOverlayView.swift in Sources */ = {isa = PBXBuildFile; fileRef = 2D6EE2B6286D037F00081394 /* BackgroundAndOverlayView.swift */; };
		2D7007A2287373B0008C3E81 /* AlertView.swift in Sources */ = {isa = PBXBuildFile; fileRef = 2D7007A1287373B0008C3E81 /* AlertView.swift */; };
		2D7007A4287378D8008C3E81 /* ContextMenuView.swift in Sources */ = {isa = PBXBuildFile; fileRef = 2D7007A3287378D8008C3E81 /* ContextMenuView.swift */; };
		2D7007A628737CDB008C3E81 /* TextFieldView.swift in Sources */ = {isa = PBXBuildFile; fileRef = 2D7007A528737CDB008C3E81 /* TextFieldView.swift */; };
		2D7007A8287384EA008C3E81 /* TextEditorView.swift in Sources */ = {isa = PBXBuildFile; fileRef = 2D7007A7287384EA008C3E81 /* TextEditorView.swift */; };
		2D8D5E13287CB7E9009D28CF /* TabViewView.swift in Sources */ = {isa = PBXBuildFile; fileRef = 2D8D5E12287CB7E9009D28CF /* TabViewView.swift */; };
		2D8D5E15287CBFB0009D28CF /* DarkModeView.swift in Sources */ = {isa = PBXBuildFile; fileRef = 2D8D5E14287CBFB0009D28CF /* DarkModeView.swift */; };
		2D93581B286E30D90029563C /* GridsView.swift in Sources */ = {isa = PBXBuildFile; fileRef = 2D93581A286E30D90029563C /* GridsView.swift */; };
		2DCFC861287762A600613D83 /* ToggleView.swift in Sources */ = {isa = PBXBuildFile; fileRef = 2DCFC860287762A600613D83 /* ToggleView.swift */; };
		2DD12B7728781DA0009DF88E /* PickerView.swift in Sources */ = {isa = PBXBuildFile; fileRef = 2DD12B7628781DA0009DF88E /* PickerView.swift */; };
		2DD8AB52287E073500BAA54B /* OnAppearView.swift in Sources */ = {isa = PBXBuildFile; fileRef = 2DD8AB51287E073500BAA54B /* OnAppearView.swift */; };
		2DDB04F2287B5C4300556612 /* StepperView.swift in Sources */ = {isa = PBXBuildFile; fileRef = 2DDB04F1287B5C4300556612 /* StepperView.swift */; };
		2DDB04F4287B5F3C00556612 /* SliderView.swift in Sources */ = {isa = PBXBuildFile; fileRef = 2DDB04F3287B5F3C00556612 /* SliderView.swift */; };
		2DF6BE40286D723200AD8CFF /* StacksView.swift in Sources */ = {isa = PBXBuildFile; fileRef = 2DF6BE3F286D723200AD8CFF /* StacksView.swift */; };
		2DF6BE42286D7B3300AD8CFF /* PaddingAndSpacingView.swift in Sources */ = {isa = PBXBuildFile; fileRef = 2DF6BE41286D7B3300AD8CFF /* PaddingAndSpacingView.swift */; };
		2DF6BE46286DB4F500AD8CFF /* Initializators.swift in Sources */ = {isa = PBXBuildFile; fileRef = 2DF6BE45286DB4F500AD8CFF /* Initializators.swift */; };
		2DF6BE48286DC23900AD8CFF /* Loops.swift in Sources */ = {isa = PBXBuildFile; fileRef = 2DF6BE47286DC23900AD8CFF /* Loops.swift */; };
		2DF6BE4C286DC8F900AD8CFF /* ScrollViewView.swift in Sources */ = {isa = PBXBuildFile; fileRef = 2DF6BE4B286DC8F900AD8CFF /* ScrollViewView.swift */; };
		2DF7421C286E41BE00D9E148 /* ButtonsView.swift in Sources */ = {isa = PBXBuildFile; fileRef = 2DF7421B286E41BE00D9E148 /* ButtonsView.swift */; };
		2DF7421E286E4A0B00D9E148 /* StateDecoratorView.swift in Sources */ = {isa = PBXBuildFile; fileRef = 2DF7421D286E4A0B00D9E148 /* StateDecoratorView.swift */; };
/* End PBXBuildFile section */

/* Begin PBXFileReference section */
		2D24D7A0286EC0AF0078E158 /* ExctractView.swift */ = {isa = PBXFileReference; lastKnownFileType = sourcecode.swift; path = ExctractView.swift; sourceTree = "<group>"; };
		2D24D7A2286ECB0F0078E158 /* ExtractSubViewsView.swift */ = {isa = PBXFileReference; lastKnownFileType = sourcecode.swift; path = ExtractSubViewsView.swift; sourceTree = "<group>"; };
		2D24D7A5286ECE030078E158 /* MySubView.swift */ = {isa = PBXFileReference; lastKnownFileType = sourcecode.swift; path = MySubView.swift; sourceTree = "<group>"; };
		2D24D7A7286EEBA50078E158 /* BindingView.swift */ = {isa = PBXFileReference; lastKnownFileType = sourcecode.swift; path = BindingView.swift; sourceTree = "<group>"; };
		2D24D7AC286F08EA0078E158 /* README.md */ = {isa = PBXFileReference; lastKnownFileType = net.daringfireball.markdown; path = README.md; sourceTree = "<group>"; };
		2D24D7AD286F14EE0078E158 /* AnimationView.swift */ = {isa = PBXFileReference; lastKnownFileType = sourcecode.swift; path = AnimationView.swift; sourceTree = "<group>"; };
		2D24D7AF286F82470078E158 /* TransitionView.swift */ = {isa = PBXFileReference; lastKnownFileType = sourcecode.swift; path = TransitionView.swift; sourceTree = "<group>"; };
		2D24D7B1286F8D1B0078E158 /* SheetsView.swift */ = {isa = PBXFileReference; lastKnownFileType = sourcecode.swift; path = SheetsView.swift; sourceTree = "<group>"; };
		2D24D7B3286F9F5D0078E158 /* NavigationViewView.swift */ = {isa = PBXFileReference; lastKnownFileType = sourcecode.swift; path = NavigationViewView.swift; sourceTree = "<group>"; };
		2D24D7B5286FA5D30078E158 /* ListViewView.swift */ = {isa = PBXFileReference; lastKnownFileType = sourcecode.swift; path = ListViewView.swift; sourceTree = "<group>"; };
		2D41FA8F286C7968008BB3DC /* Bootcamp.app */ = {isa = PBXFileReference; explicitFileType = wrapper.application; includeInIndex = 0; path = Bootcamp.app; sourceTree = BUILT_PRODUCTS_DIR; };
		2D41FA92286C7968008BB3DC /* SwiftUiBootcampApp.swift */ = {isa = PBXFileReference; lastKnownFileType = sourcecode.swift; path = SwiftUiBootcampApp.swift; sourceTree = "<group>"; };
		2D41FA94286C7968008BB3DC /* ContentView.swift */ = {isa = PBXFileReference; lastKnownFileType = sourcecode.swift; path = ContentView.swift; sourceTree = "<group>"; };
		2D41FA96286C7969008BB3DC /* Assets.xcassets */ = {isa = PBXFileReference; lastKnownFileType = folder.assetcatalog; path = Assets.xcassets; sourceTree = "<group>"; };
		2D41FA99286C7969008BB3DC /* Preview Assets.xcassets */ = {isa = PBXFileReference; lastKnownFileType = folder.assetcatalog; path = "Preview Assets.xcassets"; sourceTree = "<group>"; };
		2D41FAA0286C842F008BB3DC /* TextView.swift */ = {isa = PBXFileReference; lastKnownFileType = sourcecode.swift; path = TextView.swift; sourceTree = "<group>"; };
		2D41FAA3286CE357008BB3DC /* ShapesView.swift */ = {isa = PBXFileReference; lastKnownFileType = sourcecode.swift; path = ShapesView.swift; sourceTree = "<group>"; };
		2D41FAA5286CE6F1008BB3DC /* ColorsView.swift */ = {isa = PBXFileReference; lastKnownFileType = sourcecode.swift; path = ColorsView.swift; sourceTree = "<group>"; };
		2D6D5C7A2879F76800E760AB /* ColorPickerView.swift */ = {isa = PBXFileReference; lastKnownFileType = sourcecode.swift; path = ColorPickerView.swift; sourceTree = "<group>"; };
		2D6D5C7C2879F95900E760AB /* DatePickerView.swift */ = {isa = PBXFileReference; lastKnownFileType = sourcecode.swift; path = DatePickerView.swift; sourceTree = "<group>"; };
		2D6EE2AE286CEE1500081394 /* GradientsView.swift */ = {isa = PBXFileReference; lastKnownFileType = sourcecode.swift; path = GradientsView.swift; sourceTree = "<group>"; };
		2D6EE2B0286CF5A300081394 /* IconsView.swift */ = {isa = PBXFileReference; lastKnownFileType = sourcecode.swift; path = IconsView.swift; sourceTree = "<group>"; };
		2D6EE2B2286CFBBC00081394 /* ImagesView.swift */ = {isa = PBXFileReference; lastKnownFileType = sourcecode.swift; path = ImagesView.swift; sourceTree = "<group>"; };
		2D6EE2B4286CFF8B00081394 /* FrameView.swift */ = {isa = PBXFileReference; lastKnownFileType = sourcecode.swift; path = FrameView.swift; sourceTree = "<group>"; };
		2D6EE2B6286D037F00081394 /* BackgroundAndOverlayView.swift */ = {isa = PBXFileReference; lastKnownFileType = sourcecode.swift; path = BackgroundAndOverlayView.swift; sourceTree = "<group>"; };
		2D7007A1287373B0008C3E81 /* AlertView.swift */ = {isa = PBXFileReference; lastKnownFileType = sourcecode.swift; path = AlertView.swift; sourceTree = "<group>"; };
		2D7007A3287378D8008C3E81 /* ContextMenuView.swift */ = {isa = PBXFileReference; lastKnownFileType = sourcecode.swift; path = ContextMenuView.swift; sourceTree = "<group>"; };
		2D7007A528737CDB008C3E81 /* TextFieldView.swift */ = {isa = PBXFileReference; lastKnownFileType = sourcecode.swift; path = TextFieldView.swift; sourceTree = "<group>"; };
		2D7007A7287384EA008C3E81 /* TextEditorView.swift */ = {isa = PBXFileReference; lastKnownFileType = sourcecode.swift; path = TextEditorView.swift; sourceTree = "<group>"; };
		2D8D5E12287CB7E9009D28CF /* TabViewView.swift */ = {isa = PBXFileReference; lastKnownFileType = sourcecode.swift; path = TabViewView.swift; sourceTree = "<group>"; };
		2D8D5E14287CBFB0009D28CF /* DarkModeView.swift */ = {isa = PBXFileReference; lastKnownFileType = sourcecode.swift; path = DarkModeView.swift; sourceTree = "<group>"; };
		2D93581A286E30D90029563C /* GridsView.swift */ = {isa = PBXFileReference; lastKnownFileType = sourcecode.swift; path = GridsView.swift; sourceTree = "<group>"; };
		2DCFC860287762A600613D83 /* ToggleView.swift */ = {isa = PBXFileReference; lastKnownFileType = sourcecode.swift; path = ToggleView.swift; sourceTree = "<group>"; };
		2DD12B7628781DA0009DF88E /* PickerView.swift */ = {isa = PBXFileReference; lastKnownFileType = sourcecode.swift; path = PickerView.swift; sourceTree = "<group>"; };
		2DD8AB51287E073500BAA54B /* OnAppearView.swift */ = {isa = PBXFileReference; lastKnownFileType = sourcecode.swift; path = OnAppearView.swift; sourceTree = "<group>"; };
		2DDB04F1287B5C4300556612 /* StepperView.swift */ = {isa = PBXFileReference; lastKnownFileType = sourcecode.swift; path = StepperView.swift; sourceTree = "<group>"; };
		2DDB04F3287B5F3C00556612 /* SliderView.swift */ = {isa = PBXFileReference; lastKnownFileType = sourcecode.swift; path = SliderView.swift; sourceTree = "<group>"; };
		2DF6BE3F286D723200AD8CFF /* StacksView.swift */ = {isa = PBXFileReference; lastKnownFileType = sourcecode.swift; path = StacksView.swift; sourceTree = "<group>"; };
		2DF6BE41286D7B3300AD8CFF /* PaddingAndSpacingView.swift */ = {isa = PBXFileReference; lastKnownFileType = sourcecode.swift; path = PaddingAndSpacingView.swift; sourceTree = "<group>"; };
		2DF6BE45286DB4F500AD8CFF /* Initializators.swift */ = {isa = PBXFileReference; lastKnownFileType = sourcecode.swift; path = Initializators.swift; sourceTree = "<group>"; };
		2DF6BE47286DC23900AD8CFF /* Loops.swift */ = {isa = PBXFileReference; lastKnownFileType = sourcecode.swift; path = Loops.swift; sourceTree = "<group>"; };
		2DF6BE4B286DC8F900AD8CFF /* ScrollViewView.swift */ = {isa = PBXFileReference; lastKnownFileType = sourcecode.swift; path = ScrollViewView.swift; sourceTree = "<group>"; };
		2DF7421B286E41BE00D9E148 /* ButtonsView.swift */ = {isa = PBXFileReference; lastKnownFileType = sourcecode.swift; path = ButtonsView.swift; sourceTree = "<group>"; };
		2DF7421D286E4A0B00D9E148 /* StateDecoratorView.swift */ = {isa = PBXFileReference; lastKnownFileType = sourcecode.swift; path = StateDecoratorView.swift; sourceTree = "<group>"; };
/* End PBXFileReference section */

/* Begin PBXFrameworksBuildPhase section */
		2D41FA8C286C7968008BB3DC /* Frameworks */ = {
			isa = PBXFrameworksBuildPhase;
			buildActionMask = 2147483647;
			files = (
			);
			runOnlyForDeploymentPostprocessing = 0;
		};
/* End PBXFrameworksBuildPhase section */

/* Begin PBXGroup section */
		2D24D7A4286ECDD70078E158 /* SubViews */ = {
			isa = PBXGroup;
			children = (
				2D24D7A5286ECE030078E158 /* MySubView.swift */,
			);
			path = SubViews;
			sourceTree = "<group>";
		};
		2D41FA86286C7968008BB3DC = {
			isa = PBXGroup;
			children = (
				2D24D7AC286F08EA0078E158 /* README.md */,
				2D41FA91286C7968008BB3DC /* SwiftUiBootcamp */,
				2D41FA90286C7968008BB3DC /* Products */,
			);
			sourceTree = "<group>";
		};
		2D41FA90286C7968008BB3DC /* Products */ = {
			isa = PBXGroup;
			children = (
				2D41FA8F286C7968008BB3DC /* Bootcamp.app */,
			);
			name = Products;
			sourceTree = "<group>";
		};
		2D41FA91286C7968008BB3DC /* SwiftUiBootcamp */ = {
			isa = PBXGroup;
			children = (
				2D41FAA2286C8437008BB3DC /* Views */,
				2D41FA92286C7968008BB3DC /* SwiftUiBootcampApp.swift */,
				2D41FA96286C7969008BB3DC /* Assets.xcassets */,
				2D41FA98286C7969008BB3DC /* Preview Content */,
			);
			path = SwiftUiBootcamp;
			sourceTree = "<group>";
		};
		2D41FA98286C7969008BB3DC /* Preview Content */ = {
			isa = PBXGroup;
			children = (
				2D41FA99286C7969008BB3DC /* Preview Assets.xcassets */,
			);
			path = "Preview Content";
			sourceTree = "<group>";
		};
		2D41FAA2286C8437008BB3DC /* Views */ = {
			isa = PBXGroup;
			children = (
				2DF7421A286E411800D9E148 /* UIBuilding */,
				2DF6BE44286DB47800AD8CFF /* Func */,
				2DF6BE43286DB3C700AD8CFF /* BaseElements */,
				2D24D7AD286F14EE0078E158 /* AnimationView.swift */,
				2D24D7AF286F82470078E158 /* TransitionView.swift */,
				2D24D7B1286F8D1B0078E158 /* SheetsView.swift */,
				2D24D7B3286F9F5D0078E158 /* NavigationViewView.swift */,
				2D24D7B5286FA5D30078E158 /* ListViewView.swift */,
				2D7007A1287373B0008C3E81 /* AlertView.swift */,
				2D7007A3287378D8008C3E81 /* ContextMenuView.swift */,
				2D7007A528737CDB008C3E81 /* TextFieldView.swift */,
				2D7007A7287384EA008C3E81 /* TextEditorView.swift */,
				2DCFC860287762A600613D83 /* ToggleView.swift */,
				2DD12B7628781DA0009DF88E /* PickerView.swift */,
				2D6D5C7A2879F76800E760AB /* ColorPickerView.swift */,
				2D6D5C7C2879F95900E760AB /* DatePickerView.swift */,
				2DDB04F1287B5C4300556612 /* StepperView.swift */,
				2DDB04F3287B5F3C00556612 /* SliderView.swift */,
				2D8D5E12287CB7E9009D28CF /* TabViewView.swift */,
				2D8D5E14287CBFB0009D28CF /* DarkModeView.swift */,
				2DD8AB51287E073500BAA54B /* OnAppearView.swift */,
			);
			path = Views;
			sourceTree = "<group>";
		};
		2DF6BE43286DB3C700AD8CFF /* BaseElements */ = {
			isa = PBXGroup;
			children = (
				2D41FA94286C7968008BB3DC /* ContentView.swift */,
				2D41FAA0286C842F008BB3DC /* TextView.swift */,
				2D41FAA3286CE357008BB3DC /* ShapesView.swift */,
				2D41FAA5286CE6F1008BB3DC /* ColorsView.swift */,
				2D6EE2AE286CEE1500081394 /* GradientsView.swift */,
				2D6EE2B0286CF5A300081394 /* IconsView.swift */,
				2D6EE2B2286CFBBC00081394 /* ImagesView.swift */,
				2D6EE2B6286D037F00081394 /* BackgroundAndOverlayView.swift */,
			);
			path = BaseElements;
			sourceTree = "<group>";
		};
		2DF6BE44286DB47800AD8CFF /* Func */ = {
			isa = PBXGroup;
			children = (
				2DF7421B286E41BE00D9E148 /* ButtonsView.swift */,
				2DF6BE45286DB4F500AD8CFF /* Initializators.swift */,
				2DF6BE47286DC23900AD8CFF /* Loops.swift */,
				2DF7421D286E4A0B00D9E148 /* StateDecoratorView.swift */,
				2D24D7A7286EEBA50078E158 /* BindingView.swift */,
			);
			path = Func;
			sourceTree = "<group>";
		};
		2DF7421A286E411800D9E148 /* UIBuilding */ = {
			isa = PBXGroup;
			children = (
				2D24D7A4286ECDD70078E158 /* SubViews */,
				2D93581A286E30D90029563C /* GridsView.swift */,
				2DF6BE4B286DC8F900AD8CFF /* ScrollViewView.swift */,
				2DF6BE3F286D723200AD8CFF /* StacksView.swift */,
				2D6EE2B4286CFF8B00081394 /* FrameView.swift */,
				2DF6BE41286D7B3300AD8CFF /* PaddingAndSpacingView.swift */,
				2D24D7A0286EC0AF0078E158 /* ExctractView.swift */,
				2D24D7A2286ECB0F0078E158 /* ExtractSubViewsView.swift */,
			);
			path = UIBuilding;
			sourceTree = "<group>";
		};
/* End PBXGroup section */

/* Begin PBXNativeTarget section */
		2D41FA8E286C7968008BB3DC /* SwiftUiBootcamp */ = {
			isa = PBXNativeTarget;
			buildConfigurationList = 2D41FA9D286C7969008BB3DC /* Build configuration list for PBXNativeTarget "SwiftUiBootcamp" */;
			buildPhases = (
				2D41FA8B286C7968008BB3DC /* Sources */,
				2D41FA8C286C7968008BB3DC /* Frameworks */,
				2D41FA8D286C7968008BB3DC /* Resources */,
			);
			buildRules = (
			);
			dependencies = (
			);
			name = SwiftUiBootcamp;
			productName = SwiftUiBootcamp;
			productReference = 2D41FA8F286C7968008BB3DC /* Bootcamp.app */;
			productType = "com.apple.product-type.application";
		};
/* End PBXNativeTarget section */

/* Begin PBXProject section */
		2D41FA87286C7968008BB3DC /* Project object */ = {
			isa = PBXProject;
			attributes = {
				BuildIndependentTargetsInParallel = 1;
				LastSwiftUpdateCheck = 1340;
				LastUpgradeCheck = 1340;
				TargetAttributes = {
					2D41FA8E286C7968008BB3DC = {
						CreatedOnToolsVersion = 13.4.1;
					};
				};
			};
			buildConfigurationList = 2D41FA8A286C7968008BB3DC /* Build configuration list for PBXProject "SwiftUiBootcamp" */;
			compatibilityVersion = "Xcode 13.0";
			developmentRegion = en;
			hasScannedForEncodings = 0;
			knownRegions = (
				en,
				Base,
			);
			mainGroup = 2D41FA86286C7968008BB3DC;
			productRefGroup = 2D41FA90286C7968008BB3DC /* Products */;
			projectDirPath = "";
			projectRoot = "";
			targets = (
				2D41FA8E286C7968008BB3DC /* SwiftUiBootcamp */,
			);
		};
/* End PBXProject section */

/* Begin PBXResourcesBuildPhase section */
		2D41FA8D286C7968008BB3DC /* Resources */ = {
			isa = PBXResourcesBuildPhase;
			buildActionMask = 2147483647;
			files = (
				2D41FA9A286C7969008BB3DC /* Preview Assets.xcassets in Resources */,
				2D41FA97286C7969008BB3DC /* Assets.xcassets in Resources */,
			);
			runOnlyForDeploymentPostprocessing = 0;
		};
/* End PBXResourcesBuildPhase section */

/* Begin PBXSourcesBuildPhase section */
		2D41FA8B286C7968008BB3DC /* Sources */ = {
			isa = PBXSourcesBuildPhase;
			buildActionMask = 2147483647;
			files = (
				2D24D7B2286F8D1B0078E158 /* SheetsView.swift in Sources */,
				2D41FA95286C7968008BB3DC /* ContentView.swift in Sources */,
				2D41FA93286C7968008BB3DC /* SwiftUiBootcampApp.swift in Sources */,
				2D8D5E13287CB7E9009D28CF /* TabViewView.swift in Sources */,
				2D24D7A1286EC0AF0078E158 /* ExctractView.swift in Sources */,
				2DF7421E286E4A0B00D9E148 /* StateDecoratorView.swift in Sources */,
				2DD12B7728781DA0009DF88E /* PickerView.swift in Sources */,
				2D41FAA6286CE6F1008BB3DC /* ColorsView.swift in Sources */,
				2D24D7B0286F82470078E158 /* TransitionView.swift in Sources */,
				2D6EE2B5286CFF8B00081394 /* FrameView.swift in Sources */,
				2DCFC861287762A600613D83 /* ToggleView.swift in Sources */,
				2D8D5E15287CBFB0009D28CF /* DarkModeView.swift in Sources */,
				2D24D7B6286FA5D30078E158 /* ListViewView.swift in Sources */,
				2D6D5C7D2879F95900E760AB /* DatePickerView.swift in Sources */,
				2DD8AB52287E073500BAA54B /* OnAppearView.swift in Sources */,
				2D7007A2287373B0008C3E81 /* AlertView.swift in Sources */,
				2DF6BE42286D7B3300AD8CFF /* PaddingAndSpacingView.swift in Sources */,
				2DF6BE46286DB4F500AD8CFF /* Initializators.swift in Sources */,
				2D41FAA1286C842F008BB3DC /* TextView.swift in Sources */,
				2D24D7B4286F9F5D0078E158 /* NavigationViewView.swift in Sources */,
				2D6EE2B3286CFBBC00081394 /* ImagesView.swift in Sources */,
				2DF6BE4C286DC8F900AD8CFF /* ScrollViewView.swift in Sources */,
				2D7007A8287384EA008C3E81 /* TextEditorView.swift in Sources */,
				2DF7421C286E41BE00D9E148 /* ButtonsView.swift in Sources */,
				2D6D5C7B2879F76800E760AB /* ColorPickerView.swift in Sources */,
				2DDB04F2287B5C4300556612 /* StepperView.swift in Sources */,
				2D24D7A8286EEBA50078E158 /* BindingView.swift in Sources */,
				2D6EE2AF286CEE1500081394 /* GradientsView.swift in Sources */,
				2DF6BE40286D723200AD8CFF /* StacksView.swift in Sources */,
				2D24D7AE286F14EE0078E158 /* AnimationView.swift in Sources */,
				2D24D7A3286ECB0F0078E158 /* ExtractSubViewsView.swift in Sources */,
				2D6EE2B1286CF5A300081394 /* IconsView.swift in Sources */,
				2D7007A4287378D8008C3E81 /* ContextMenuView.swift in Sources */,
				2DDB04F4287B5F3C00556612 /* SliderView.swift in Sources */,
				2D24D7A6286ECE030078E158 /* MySubView.swift in Sources */,
				2D41FAA4286CE357008BB3DC /* ShapesView.swift in Sources */,
				2D7007A628737CDB008C3E81 /* TextFieldView.swift in Sources */,
				2DF6BE48286DC23900AD8CFF /* Loops.swift in Sources */,
				2D93581B286E30D90029563C /* GridsView.swift in Sources */,
				2D6EE2B7286D037F00081394 /* BackgroundAndOverlayView.swift in Sources */,
			);
			runOnlyForDeploymentPostprocessing = 0;
		};
/* End PBXSourcesBuildPhase section */

/* Begin XCBuildConfiguration section */
		2D41FA9B286C7969008BB3DC /* Debug */ = {
			isa = XCBuildConfiguration;
			buildSettings = {
				ALWAYS_SEARCH_USER_PATHS = NO;
				CLANG_ANALYZER_NONNULL = YES;
				CLANG_ANALYZER_NUMBER_OBJECT_CONVERSION = YES_AGGRESSIVE;
				CLANG_CXX_LANGUAGE_STANDARD = "gnu++17";
				CLANG_ENABLE_MODULES = YES;
				CLANG_ENABLE_OBJC_ARC = YES;
				CLANG_ENABLE_OBJC_WEAK = YES;
				CLANG_WARN_BLOCK_CAPTURE_AUTORELEASING = YES;
				CLANG_WARN_BOOL_CONVERSION = YES;
				CLANG_WARN_COMMA = YES;
				CLANG_WARN_CONSTANT_CONVERSION = YES;
				CLANG_WARN_DEPRECATED_OBJC_IMPLEMENTATIONS = YES;
				CLANG_WARN_DIRECT_OBJC_ISA_USAGE = YES_ERROR;
				CLANG_WARN_DOCUMENTATION_COMMENTS = YES;
				CLANG_WARN_EMPTY_BODY = YES;
				CLANG_WARN_ENUM_CONVERSION = YES;
				CLANG_WARN_INFINITE_RECURSION = YES;
				CLANG_WARN_INT_CONVERSION = YES;
				CLANG_WARN_NON_LITERAL_NULL_CONVERSION = YES;
				CLANG_WARN_OBJC_IMPLICIT_RETAIN_SELF = YES;
				CLANG_WARN_OBJC_LITERAL_CONVERSION = YES;
				CLANG_WARN_OBJC_ROOT_CLASS = YES_ERROR;
				CLANG_WARN_QUOTED_INCLUDE_IN_FRAMEWORK_HEADER = YES;
				CLANG_WARN_RANGE_LOOP_ANALYSIS = YES;
				CLANG_WARN_STRICT_PROTOTYPES = YES;
				CLANG_WARN_SUSPICIOUS_MOVE = YES;
				CLANG_WARN_UNGUARDED_AVAILABILITY = YES_AGGRESSIVE;
				CLANG_WARN_UNREACHABLE_CODE = YES;
				CLANG_WARN__DUPLICATE_METHOD_MATCH = YES;
				COPY_PHASE_STRIP = NO;
				DEBUG_INFORMATION_FORMAT = dwarf;
				ENABLE_STRICT_OBJC_MSGSEND = YES;
				ENABLE_TESTABILITY = YES;
				GCC_C_LANGUAGE_STANDARD = gnu11;
				GCC_DYNAMIC_NO_PIC = NO;
				GCC_NO_COMMON_BLOCKS = YES;
				GCC_OPTIMIZATION_LEVEL = 0;
				GCC_PREPROCESSOR_DEFINITIONS = (
					"DEBUG=1",
					"$(inherited)",
				);
				GCC_WARN_64_TO_32_BIT_CONVERSION = YES;
				GCC_WARN_ABOUT_RETURN_TYPE = YES_ERROR;
				GCC_WARN_UNDECLARED_SELECTOR = YES;
				GCC_WARN_UNINITIALIZED_AUTOS = YES_AGGRESSIVE;
				GCC_WARN_UNUSED_FUNCTION = YES;
				GCC_WARN_UNUSED_VARIABLE = YES;
				IPHONEOS_DEPLOYMENT_TARGET = 15.5;
				MTL_ENABLE_DEBUG_INFO = INCLUDE_SOURCE;
				MTL_FAST_MATH = YES;
				ONLY_ACTIVE_ARCH = YES;
				SDKROOT = iphoneos;
				SWIFT_ACTIVE_COMPILATION_CONDITIONS = DEBUG;
				SWIFT_OPTIMIZATION_LEVEL = "-Onone";
			};
			name = Debug;
		};
		2D41FA9C286C7969008BB3DC /* Release */ = {
			isa = XCBuildConfiguration;
			buildSettings = {
				ALWAYS_SEARCH_USER_PATHS = NO;
				CLANG_ANALYZER_NONNULL = YES;
				CLANG_ANALYZER_NUMBER_OBJECT_CONVERSION = YES_AGGRESSIVE;
				CLANG_CXX_LANGUAGE_STANDARD = "gnu++17";
				CLANG_ENABLE_MODULES = YES;
				CLANG_ENABLE_OBJC_ARC = YES;
				CLANG_ENABLE_OBJC_WEAK = YES;
				CLANG_WARN_BLOCK_CAPTURE_AUTORELEASING = YES;
				CLANG_WARN_BOOL_CONVERSION = YES;
				CLANG_WARN_COMMA = YES;
				CLANG_WARN_CONSTANT_CONVERSION = YES;
				CLANG_WARN_DEPRECATED_OBJC_IMPLEMENTATIONS = YES;
				CLANG_WARN_DIRECT_OBJC_ISA_USAGE = YES_ERROR;
				CLANG_WARN_DOCUMENTATION_COMMENTS = YES;
				CLANG_WARN_EMPTY_BODY = YES;
				CLANG_WARN_ENUM_CONVERSION = YES;
				CLANG_WARN_INFINITE_RECURSION = YES;
				CLANG_WARN_INT_CONVERSION = YES;
				CLANG_WARN_NON_LITERAL_NULL_CONVERSION = YES;
				CLANG_WARN_OBJC_IMPLICIT_RETAIN_SELF = YES;
				CLANG_WARN_OBJC_LITERAL_CONVERSION = YES;
				CLANG_WARN_OBJC_ROOT_CLASS = YES_ERROR;
				CLANG_WARN_QUOTED_INCLUDE_IN_FRAMEWORK_HEADER = YES;
				CLANG_WARN_RANGE_LOOP_ANALYSIS = YES;
				CLANG_WARN_STRICT_PROTOTYPES = YES;
				CLANG_WARN_SUSPICIOUS_MOVE = YES;
				CLANG_WARN_UNGUARDED_AVAILABILITY = YES_AGGRESSIVE;
				CLANG_WARN_UNREACHABLE_CODE = YES;
				CLANG_WARN__DUPLICATE_METHOD_MATCH = YES;
				COPY_PHASE_STRIP = NO;
				DEBUG_INFORMATION_FORMAT = "dwarf-with-dsym";
				ENABLE_NS_ASSERTIONS = NO;
				ENABLE_STRICT_OBJC_MSGSEND = YES;
				GCC_C_LANGUAGE_STANDARD = gnu11;
				GCC_NO_COMMON_BLOCKS = YES;
				GCC_WARN_64_TO_32_BIT_CONVERSION = YES;
				GCC_WARN_ABOUT_RETURN_TYPE = YES_ERROR;
				GCC_WARN_UNDECLARED_SELECTOR = YES;
				GCC_WARN_UNINITIALIZED_AUTOS = YES_AGGRESSIVE;
				GCC_WARN_UNUSED_FUNCTION = YES;
				GCC_WARN_UNUSED_VARIABLE = YES;
				IPHONEOS_DEPLOYMENT_TARGET = 15.5;
				MTL_ENABLE_DEBUG_INFO = NO;
				MTL_FAST_MATH = YES;
				SDKROOT = iphoneos;
				SWIFT_COMPILATION_MODE = wholemodule;
				SWIFT_OPTIMIZATION_LEVEL = "-O";
				VALIDATE_PRODUCT = YES;
			};
			name = Release;
		};
		2D41FA9E286C7969008BB3DC /* Debug */ = {
			isa = XCBuildConfiguration;
			buildSettings = {
				ASSETCATALOG_COMPILER_APPICON_NAME = AppIcon;
				ASSETCATALOG_COMPILER_GLOBAL_ACCENT_COLOR_NAME = AccentColor;
				CODE_SIGN_STYLE = Automatic;
				CURRENT_PROJECT_VERSION = 1;
				DEVELOPMENT_ASSET_PATHS = "\"SwiftUiBootcamp/Preview Content\"";
				DEVELOPMENT_TEAM = X5Z2876V6J;
				ENABLE_PREVIEWS = YES;
				GENERATE_INFOPLIST_FILE = YES;
				INFOPLIST_KEY_UIApplicationSceneManifest_Generation = YES;
				INFOPLIST_KEY_UIApplicationSupportsIndirectInputEvents = YES;
				INFOPLIST_KEY_UILaunchScreen_Generation = YES;
				INFOPLIST_KEY_UIStatusBarHidden = NO;
				INFOPLIST_KEY_UISupportedInterfaceOrientations_iPad = "UIInterfaceOrientationPortrait UIInterfaceOrientationPortraitUpsideDown UIInterfaceOrientationLandscapeLeft UIInterfaceOrientationLandscapeRight";
				INFOPLIST_KEY_UISupportedInterfaceOrientations_iPhone = "UIInterfaceOrientationPortrait UIInterfaceOrientationLandscapeLeft UIInterfaceOrientationLandscapeRight";
				IPHONEOS_DEPLOYMENT_TARGET = 15.0;
				LD_RUNPATH_SEARCH_PATHS = (
					"$(inherited)",
					"@executable_path/Frameworks",
				);
				MARKETING_VERSION = 1.0;
				PRODUCT_BUNDLE_IDENTIFIER = rdurica.SwiftUiBootcamp;
				PRODUCT_NAME = Bootcamp;
				SWIFT_EMIT_LOC_STRINGS = YES;
				SWIFT_VERSION = 5.0;
				TARGETED_DEVICE_FAMILY = "1,2";
			};
			name = Debug;
		};
		2D41FA9F286C7969008BB3DC /* Release */ = {
			isa = XCBuildConfiguration;
			buildSettings = {
				ASSETCATALOG_COMPILER_APPICON_NAME = AppIcon;
				ASSETCATALOG_COMPILER_GLOBAL_ACCENT_COLOR_NAME = AccentColor;
				CODE_SIGN_STYLE = Automatic;
				CURRENT_PROJECT_VERSION = 1;
				DEVELOPMENT_ASSET_PATHS = "\"SwiftUiBootcamp/Preview Content\"";
				DEVELOPMENT_TEAM = X5Z2876V6J;
				ENABLE_PREVIEWS = YES;
				GENERATE_INFOPLIST_FILE = YES;
				INFOPLIST_KEY_UIApplicationSceneManifest_Generation = YES;
				INFOPLIST_KEY_UIApplicationSupportsIndirectInputEvents = YES;
				INFOPLIST_KEY_UILaunchScreen_Generation = YES;
				INFOPLIST_KEY_UIStatusBarHidden = NO;
				INFOPLIST_KEY_UISupportedInterfaceOrientations_iPad = "UIInterfaceOrientationPortrait UIInterfaceOrientationPortraitUpsideDown UIInterfaceOrientationLandscapeLeft UIInterfaceOrientationLandscapeRight";
				INFOPLIST_KEY_UISupportedInterfaceOrientations_iPhone = "UIInterfaceOrientationPortrait UIInterfaceOrientationLandscapeLeft UIInterfaceOrientationLandscapeRight";
				IPHONEOS_DEPLOYMENT_TARGET = 15.0;
				LD_RUNPATH_SEARCH_PATHS = (
					"$(inherited)",
					"@executable_path/Frameworks",
				);
				MARKETING_VERSION = 1.0;
				PRODUCT_BUNDLE_IDENTIFIER = rdurica.SwiftUiBootcamp;
				PRODUCT_NAME = Bootcamp;
				SWIFT_EMIT_LOC_STRINGS = YES;
				SWIFT_VERSION = 5.0;
				TARGETED_DEVICE_FAMILY = "1,2";
			};
			name = Release;
		};
/* End XCBuildConfiguration section */

/* Begin XCConfigurationList section */
		2D41FA8A286C7968008BB3DC /* Build configuration list for PBXProject "SwiftUiBootcamp" */ = {
			isa = XCConfigurationList;
			buildConfigurations = (
				2D41FA9B286C7969008BB3DC /* Debug */,
				2D41FA9C286C7969008BB3DC /* Release */,
			);
			defaultConfigurationIsVisible = 0;
			defaultConfigurationName = Release;
		};
		2D41FA9D286C7969008BB3DC /* Build configuration list for PBXNativeTarget "SwiftUiBootcamp" */ = {
			isa = XCConfigurationList;
			buildConfigurations = (
				2D41FA9E286C7969008BB3DC /* Debug */,
				2D41FA9F286C7969008BB3DC /* Release */,
			);
			defaultConfigurationIsVisible = 0;
			defaultConfigurationName = Release;
		};
/* End XCConfigurationList section */
	};
	rootObject = 2D41FA87286C7968008BB3DC /* Project object */;
}
